
Microsoft Visual Studio Solution File, Format Version 12.00
# Visual Studio 2012
Project("{2150E333-8FDC-42A3-9474-1A3956D46DE8}") = "Dependencies", "Dependencies", "{542C6238-55AD-4781-8368-F049909185F4}"
EndProject
Project("{FAE04EC0-301F-11D3-BF4B-00C04F79EFBC}") = "AwesomeControls", "..\AwesomeControls\AwesomeControls\AwesomeControls.csproj", "{617D9EB5-CA93-45D6-AA6B-5A012B7698AC}"
EndProject
Project("{FAE04EC0-301F-11D3-BF4B-00C04F79EFBC}") = "UniversalEditor.Core", "..\UniversalEditor\CSharp\Libraries\UniversalEditor.Core\UniversalEditor.Core.csproj", "{2D4737E6-6D95-408A-90DB-8DFF38147E85}"
EndProject
Project("{FAE04EC0-301F-11D3-BF4B-00C04F79EFBC}") = "UniversalEditor.Plugins.Web", "..\UniversalEditor\CSharp\Plugins\UniversalEditor.Plugins.Web\UniversalEditor.Plugins.Web.csproj", "{64089452-6A08-47A5-A857-BF418F80D4A3}"
EndProject
Project("{FAE04EC0-301F-11D3-BF4B-00C04F79EFBC}") = "UniversalEditor.Essential", "..\UniversalEditor\CSharp\Libraries\UniversalEditor.Essential\UniversalEditor.Essential.csproj", "{30467E5C-05BC-4856-AADC-13906EF4CADD}"
EndProject
Project("{FAE04EC0-301F-11D3-BF4B-00C04F79EFBC}") = "Indigo", "..\Indigo\Libraries\Indigo\Indigo.csproj", "{8DED80F3-1483-43A7-A37A-86D01C46B992}"
EndProject
Project("{FAE04EC0-301F-11D3-BF4B-00C04F79EFBC}") = "ApplicationFramework", "..\ApplicationFramework\CSharp\ApplicationFramework\ApplicationFramework.csproj", "{575C9BFC-445C-45AE-93A2-B06105F743D6}"
EndProject
Project("{FAE04EC0-301F-11D3-BF4B-00C04F79EFBC}") = "UniversalEditor.Plugins.Multimedia", "..\UniversalEditor\CSharp\Plugins\UniversalEditor.Plugins.Multimedia\UniversalEditor.Plugins.Multimedia.csproj", "{BE4D0BA3-0888-42A5-9C09-FC308A4509D2}"
EndProject
Project("{FAE04EC0-301F-11D3-BF4B-00C04F79EFBC}") = "UniversalEditor.Compression", "..\UniversalEditor\CSharp\Libraries\UniversalEditor.Compression\UniversalEditor.Compression.csproj", "{3F664673-7E22-4486-9AD0-FC81861D0B78}"
EndProject
Project("{FAE04EC0-301F-11D3-BF4B-00C04F79EFBC}") = "UniversalWidgetToolkit", "..\UniversalWidgetToolkit\Libraries\UniversalWidgetToolkit\UniversalWidgetToolkit.csproj", "{29E1C1BB-3EA5-4062-B62F-85EEC703FE07}"
EndProject
Project("{FAE04EC0-301F-11D3-BF4B-00C04F79EFBC}") = "UniversalWidgetToolkit.Engines.GTK", "..\UniversalWidgetToolkit\Engines\GTK\UniversalWidgetToolkit.Engines.GTK\UniversalWidgetToolkit.Engines.GTK.csproj", "{62DC7CF9-C608-49E5-8C39-305B2E3E93F6}"
EndProject
Project("{2150E333-8FDC-42A3-9474-1A3956D46DE8}") = "Content", "Content", "{BE26A383-6889-4974-93EE-78E0CCDB3888}"
EndProject
Project("{FAE04EC0-301F-11D3-BF4B-00C04F79EFBC}") = "Alyx.Content", "Content\Alyx.Content\Alyx.Content.csproj", "{A5A14A71-5DB3-4495-92F6-8D27C98FF0F4}"
EndProject
Project("{2150E333-8FDC-42A3-9474-1A3956D46DE8}") = "Libraries", "Libraries", "{7B1C3470-9D85-458C-91AA-96A97FEE4EF3}"
EndProject
Project("{FAE04EC0-301F-11D3-BF4B-00C04F79EFBC}") = "Alyx.Speech", "Libraries\Alyx.Speech\Alyx.Speech.csproj", "{D455C456-4EDA-4B4F-8DAD-1378F61248D3}"
EndProject
Project("{FAE04EC0-301F-11D3-BF4B-00C04F79EFBC}") = "Alyx.Thought", "Libraries\Alyx.Thought\Alyx.Thought.csproj", "{82D8951D-B8D8-4E5A-91B9-F3C4E019FA42}"
EndProject
Project("{FAE04EC0-301F-11D3-BF4B-00C04F79EFBC}") = "Alyx.Speech.Synthesis.Engines.Swift", "Libraries\Alyx.Speech.Synthesis.Engines.Swift\Alyx.Speech.Synthesis.Engines.Swift.csproj", "{F3161691-A2CB-4F81-B293-E58D09109F69}"
EndProject
Project("{FAE04EC0-301F-11D3-BF4B-00C04F79EFBC}") = "Alyx.Linguistics", "Libraries\Alyx.Linguistics\Alyx.Linguistics.csproj", "{25670E7F-C070-4CD9-BE17-A3EB012F75FE}"
EndProject
Project("{FAE04EC0-301F-11D3-BF4B-00C04F79EFBC}") = "Alyx.Speech.Synthesis.Engines.Windows", "Libraries\Alyx.Speech.Synthesis.Engines.Windows\Alyx.Speech.Synthesis.Engines.Windows.csproj", "{7AFFB75D-708C-47B6-AD00-572EF7F9E075}"
EndProject
Project("{FAE04EC0-301F-11D3-BF4B-00C04F79EFBC}") = "Alyx.Core", "Libraries\Alyx.Core\Alyx.Core.csproj", "{35D24257-56A1-40E0-B7C7-530B37C92D25}"
EndProject
Project("{FAE04EC0-301F-11D3-BF4B-00C04F79EFBC}") = "Alyx.Networking", "Libraries\Alyx.Networking\Alyx.Networking.csproj", "{80656D38-A2CA-4994-9717-1F0F01BD51D5}"
EndProject
Project("{FAE04EC0-301F-11D3-BF4B-00C04F79EFBC}") = "Alyx.Linguistics.Thought", "Libraries\Alyx.Linguistics.Thought\Alyx.Linguistics.Thought.csproj", "{FA1AE067-10E5-4719-AAA4-AC29A993FFE2}"
EndProject
Project("{FAE04EC0-301F-11D3-BF4B-00C04F79EFBC}") = "Alyx.Configuration", "Libraries\Alyx.Configuration\Alyx.Configuration.csproj", "{44BB83D2-2DC7-4602-9545-3351137A9E3D}"
EndProject
Project("{FAE04EC0-301F-11D3-BF4B-00C04F79EFBC}") = "Alyx.Imaging", "Libraries\Alyx.Imaging\Alyx.Imaging.csproj", "{665B5807-1D4F-47E4-96CC-E9AB26FA5C1A}"
EndProject
Project("{FAE04EC0-301F-11D3-BF4B-00C04F79EFBC}") = "Alyx.Imaging.Thought", "Libraries\Alyx.Imaging.Thought\Alyx.Imaging.Thought.csproj", "{A97D9583-13BF-46A4-86B0-060F516B3740}"
EndProject
Project("{2150E333-8FDC-42A3-9474-1A3956D46DE8}") = "Applications", "Applications", "{A679A1AA-81EF-43B2-BD1B-4E6CB479EF8D}"
EndProject
Project("{FAE04EC0-301F-11D3-BF4B-00C04F79EFBC}") = "Alyx", "Applications\Alyx\Alyx.csproj", "{F8069AAD-BE73-4F64-A653-046F76115C7D}"
EndProject
Project("{FAE04EC0-301F-11D3-BF4B-00C04F79EFBC}") = "Alyx.ServerApplication", "Applications\Alyx.ServerApplication\Alyx.ServerApplication.csproj", "{B4B7D3F2-B969-43D9-9408-10AB71B7F1A5}"
EndProject
Global
	GlobalSection(SolutionConfigurationPlatforms) = preSolution
		Debug|Any CPU = Debug|Any CPU
		Release|Any CPU = Release|Any CPU
	EndGlobalSection
	GlobalSection(ProjectConfigurationPlatforms) = postSolution
		{25670E7F-C070-4CD9-BE17-A3EB012F75FE}.Debug|Any CPU.ActiveCfg = Debug|Any CPU
		{25670E7F-C070-4CD9-BE17-A3EB012F75FE}.Debug|Any CPU.Build.0 = Debug|Any CPU
		{25670E7F-C070-4CD9-BE17-A3EB012F75FE}.Release|Any CPU.ActiveCfg = Release|Any CPU
		{25670E7F-C070-4CD9-BE17-A3EB012F75FE}.Release|Any CPU.Build.0 = Release|Any CPU
		{29E1C1BB-3EA5-4062-B62F-85EEC703FE07}.Debug|Any CPU.ActiveCfg = Debug|Any CPU
		{29E1C1BB-3EA5-4062-B62F-85EEC703FE07}.Debug|Any CPU.Build.0 = Debug|Any CPU
		{29E1C1BB-3EA5-4062-B62F-85EEC703FE07}.Release|Any CPU.ActiveCfg = Release|Any CPU
		{29E1C1BB-3EA5-4062-B62F-85EEC703FE07}.Release|Any CPU.Build.0 = Release|Any CPU
		{2D4737E6-6D95-408A-90DB-8DFF38147E85}.Debug|Any CPU.ActiveCfg = Debug|Any CPU
		{2D4737E6-6D95-408A-90DB-8DFF38147E85}.Debug|Any CPU.Build.0 = Debug|Any CPU
		{2D4737E6-6D95-408A-90DB-8DFF38147E85}.Release|Any CPU.ActiveCfg = Release|Any CPU
		{2D4737E6-6D95-408A-90DB-8DFF38147E85}.Release|Any CPU.Build.0 = Release|Any CPU
		{30467E5C-05BC-4856-AADC-13906EF4CADD}.Debug|Any CPU.ActiveCfg = Debug|Any CPU
		{30467E5C-05BC-4856-AADC-13906EF4CADD}.Debug|Any CPU.Build.0 = Debug|Any CPU
		{30467E5C-05BC-4856-AADC-13906EF4CADD}.Release|Any CPU.ActiveCfg = Release|Any CPU
		{30467E5C-05BC-4856-AADC-13906EF4CADD}.Release|Any CPU.Build.0 = Release|Any CPU
		{35D24257-56A1-40E0-B7C7-530B37C92D25}.Debug|Any CPU.ActiveCfg = Debug|Any CPU
		{35D24257-56A1-40E0-B7C7-530B37C92D25}.Debug|Any CPU.Build.0 = Debug|Any CPU
		{35D24257-56A1-40E0-B7C7-530B37C92D25}.Release|Any CPU.ActiveCfg = Release|Any CPU
		{35D24257-56A1-40E0-B7C7-530B37C92D25}.Release|Any CPU.Build.0 = Release|Any CPU
		{3F664673-7E22-4486-9AD0-FC81861D0B78}.Debug|Any CPU.ActiveCfg = Debug|Any CPU
		{3F664673-7E22-4486-9AD0-FC81861D0B78}.Debug|Any CPU.Build.0 = Debug|Any CPU
		{3F664673-7E22-4486-9AD0-FC81861D0B78}.Release|Any CPU.ActiveCfg = Release|Any CPU
		{3F664673-7E22-4486-9AD0-FC81861D0B78}.Release|Any CPU.Build.0 = Release|Any CPU
		{44BB83D2-2DC7-4602-9545-3351137A9E3D}.Debug|Any CPU.ActiveCfg = Debug|Any CPU
		{44BB83D2-2DC7-4602-9545-3351137A9E3D}.Debug|Any CPU.Build.0 = Debug|Any CPU
		{44BB83D2-2DC7-4602-9545-3351137A9E3D}.Release|Any CPU.ActiveCfg = Release|Any CPU
		{44BB83D2-2DC7-4602-9545-3351137A9E3D}.Release|Any CPU.Build.0 = Release|Any CPU
		{575C9BFC-445C-45AE-93A2-B06105F743D6}.Debug|Any CPU.ActiveCfg = Debug|Any CPU
		{575C9BFC-445C-45AE-93A2-B06105F743D6}.Debug|Any CPU.Build.0 = Debug|Any CPU
		{575C9BFC-445C-45AE-93A2-B06105F743D6}.Release|Any CPU.ActiveCfg = Release|Any CPU
		{575C9BFC-445C-45AE-93A2-B06105F743D6}.Release|Any CPU.Build.0 = Release|Any CPU
		{617D9EB5-CA93-45D6-AA6B-5A012B7698AC}.Debug|Any CPU.ActiveCfg = Debug|Any CPU
		{617D9EB5-CA93-45D6-AA6B-5A012B7698AC}.Debug|Any CPU.Build.0 = Debug|Any CPU
		{617D9EB5-CA93-45D6-AA6B-5A012B7698AC}.Release|Any CPU.ActiveCfg = Release|Any CPU
		{617D9EB5-CA93-45D6-AA6B-5A012B7698AC}.Release|Any CPU.Build.0 = Release|Any CPU
		{62DC7CF9-C608-49E5-8C39-305B2E3E93F6}.Debug|Any CPU.ActiveCfg = Debug|Any CPU
		{62DC7CF9-C608-49E5-8C39-305B2E3E93F6}.Debug|Any CPU.Build.0 = Debug|Any CPU
		{62DC7CF9-C608-49E5-8C39-305B2E3E93F6}.Release|Any CPU.ActiveCfg = Release|Any CPU
		{62DC7CF9-C608-49E5-8C39-305B2E3E93F6}.Release|Any CPU.Build.0 = Release|Any CPU
		{64089452-6A08-47A5-A857-BF418F80D4A3}.Debug|Any CPU.ActiveCfg = Debug|Any CPU
		{64089452-6A08-47A5-A857-BF418F80D4A3}.Debug|Any CPU.Build.0 = Debug|Any CPU
		{64089452-6A08-47A5-A857-BF418F80D4A3}.Release|Any CPU.ActiveCfg = Release|Any CPU
		{64089452-6A08-47A5-A857-BF418F80D4A3}.Release|Any CPU.Build.0 = Release|Any CPU
		{665B5807-1D4F-47E4-96CC-E9AB26FA5C1A}.Debug|Any CPU.ActiveCfg = Debug|Any CPU
		{665B5807-1D4F-47E4-96CC-E9AB26FA5C1A}.Debug|Any CPU.Build.0 = Debug|Any CPU
		{665B5807-1D4F-47E4-96CC-E9AB26FA5C1A}.Release|Any CPU.ActiveCfg = Release|Any CPU
		{665B5807-1D4F-47E4-96CC-E9AB26FA5C1A}.Release|Any CPU.Build.0 = Release|Any CPU
		{7AFFB75D-708C-47B6-AD00-572EF7F9E075}.Debug|Any CPU.ActiveCfg = Debug|Any CPU
		{7AFFB75D-708C-47B6-AD00-572EF7F9E075}.Debug|Any CPU.Build.0 = Debug|Any CPU
		{7AFFB75D-708C-47B6-AD00-572EF7F9E075}.Release|Any CPU.ActiveCfg = Release|Any CPU
		{7AFFB75D-708C-47B6-AD00-572EF7F9E075}.Release|Any CPU.Build.0 = Release|Any CPU
		{80656D38-A2CA-4994-9717-1F0F01BD51D5}.Debug|Any CPU.ActiveCfg = Debug|Any CPU
		{80656D38-A2CA-4994-9717-1F0F01BD51D5}.Debug|Any CPU.Build.0 = Debug|Any CPU
		{80656D38-A2CA-4994-9717-1F0F01BD51D5}.Release|Any CPU.ActiveCfg = Release|Any CPU
		{80656D38-A2CA-4994-9717-1F0F01BD51D5}.Release|Any CPU.Build.0 = Release|Any CPU
		{82D8951D-B8D8-4E5A-91B9-F3C4E019FA42}.Debug|Any CPU.ActiveCfg = Debug|Any CPU
		{82D8951D-B8D8-4E5A-91B9-F3C4E019FA42}.Debug|Any CPU.Build.0 = Debug|Any CPU
		{82D8951D-B8D8-4E5A-91B9-F3C4E019FA42}.Release|Any CPU.ActiveCfg = Release|Any CPU
		{82D8951D-B8D8-4E5A-91B9-F3C4E019FA42}.Release|Any CPU.Build.0 = Release|Any CPU
		{8DED80F3-1483-43A7-A37A-86D01C46B992}.Debug|Any CPU.ActiveCfg = Debug|Any CPU
		{8DED80F3-1483-43A7-A37A-86D01C46B992}.Debug|Any CPU.Build.0 = Debug|Any CPU
		{8DED80F3-1483-43A7-A37A-86D01C46B992}.Release|Any CPU.ActiveCfg = Release|Any CPU
		{8DED80F3-1483-43A7-A37A-86D01C46B992}.Release|Any CPU.Build.0 = Release|Any CPU
		{A5A14A71-5DB3-4495-92F6-8D27C98FF0F4}.Debug|Any CPU.ActiveCfg = Debug|Any CPU
		{A5A14A71-5DB3-4495-92F6-8D27C98FF0F4}.Debug|Any CPU.Build.0 = Debug|Any CPU
		{A5A14A71-5DB3-4495-92F6-8D27C98FF0F4}.Release|Any CPU.ActiveCfg = Release|Any CPU
		{A5A14A71-5DB3-4495-92F6-8D27C98FF0F4}.Release|Any CPU.Build.0 = Release|Any CPU
		{A97D9583-13BF-46A4-86B0-060F516B3740}.Debug|Any CPU.ActiveCfg = Debug|Any CPU
		{A97D9583-13BF-46A4-86B0-060F516B3740}.Debug|Any CPU.Build.0 = Debug|Any CPU
		{A97D9583-13BF-46A4-86B0-060F516B3740}.Release|Any CPU.ActiveCfg = Release|Any CPU
		{A97D9583-13BF-46A4-86B0-060F516B3740}.Release|Any CPU.Build.0 = Release|Any CPU
		{B4B7D3F2-B969-43D9-9408-10AB71B7F1A5}.Debug|Any CPU.ActiveCfg = Debug|Any CPU
		{B4B7D3F2-B969-43D9-9408-10AB71B7F1A5}.Debug|Any CPU.Build.0 = Debug|Any CPU
		{B4B7D3F2-B969-43D9-9408-10AB71B7F1A5}.Release|Any CPU.ActiveCfg = Release|Any CPU
		{B4B7D3F2-B969-43D9-9408-10AB71B7F1A5}.Release|Any CPU.Build.0 = Release|Any CPU
		{BE4D0BA3-0888-42A5-9C09-FC308A4509D2}.Debug|Any CPU.ActiveCfg = Debug|Any CPU
		{BE4D0BA3-0888-42A5-9C09-FC308A4509D2}.Debug|Any CPU.Build.0 = Debug|Any CPU
		{BE4D0BA3-0888-42A5-9C09-FC308A4509D2}.Release|Any CPU.ActiveCfg = Release|Any CPU
		{BE4D0BA3-0888-42A5-9C09-FC308A4509D2}.Release|Any CPU.Build.0 = Release|Any CPU
		{D455C456-4EDA-4B4F-8DAD-1378F61248D3}.Debug|Any CPU.ActiveCfg = Debug|Any CPU
		{D455C456-4EDA-4B4F-8DAD-1378F61248D3}.Debug|Any CPU.Build.0 = Debug|Any CPU
		{D455C456-4EDA-4B4F-8DAD-1378F61248D3}.Release|Any CPU.ActiveCfg = Release|Any CPU
		{D455C456-4EDA-4B4F-8DAD-1378F61248D3}.Release|Any CPU.Build.0 = Release|Any CPU
		{F3161691-A2CB-4F81-B293-E58D09109F69}.Debug|Any CPU.ActiveCfg = Debug|Any CPU
		{F3161691-A2CB-4F81-B293-E58D09109F69}.Debug|Any CPU.Build.0 = Debug|Any CPU
		{F3161691-A2CB-4F81-B293-E58D09109F69}.Release|Any CPU.ActiveCfg = Release|Any CPU
		{F3161691-A2CB-4F81-B293-E58D09109F69}.Release|Any CPU.Build.0 = Release|Any CPU
		{F8069AAD-BE73-4F64-A653-046F76115C7D}.Debug|Any CPU.ActiveCfg = Debug|Any CPU
		{F8069AAD-BE73-4F64-A653-046F76115C7D}.Debug|Any CPU.Build.0 = Debug|Any CPU
		{F8069AAD-BE73-4F64-A653-046F76115C7D}.Release|Any CPU.ActiveCfg = Release|Any CPU
		{F8069AAD-BE73-4F64-A653-046F76115C7D}.Release|Any CPU.Build.0 = Release|Any CPU
		{FA1AE067-10E5-4719-AAA4-AC29A993FFE2}.Debug|Any CPU.ActiveCfg = Debug|Any CPU
		{FA1AE067-10E5-4719-AAA4-AC29A993FFE2}.Debug|Any CPU.Build.0 = Debug|Any CPU
		{FA1AE067-10E5-4719-AAA4-AC29A993FFE2}.Release|Any CPU.ActiveCfg = Release|Any CPU
		{FA1AE067-10E5-4719-AAA4-AC29A993FFE2}.Release|Any CPU.Build.0 = Release|Any CPU
	EndGlobalSection
	GlobalSection(NestedProjects) = preSolution
		{617D9EB5-CA93-45D6-AA6B-5A012B7698AC} = {542C6238-55AD-4781-8368-F049909185F4}
		{2D4737E6-6D95-408A-90DB-8DFF38147E85} = {542C6238-55AD-4781-8368-F049909185F4}
		{64089452-6A08-47A5-A857-BF418F80D4A3} = {542C6238-55AD-4781-8368-F049909185F4}
		{30467E5C-05BC-4856-AADC-13906EF4CADD} = {542C6238-55AD-4781-8368-F049909185F4}
		{8DED80F3-1483-43A7-A37A-86D01C46B992} = {542C6238-55AD-4781-8368-F049909185F4}
		{575C9BFC-445C-45AE-93A2-B06105F743D6} = {542C6238-55AD-4781-8368-F049909185F4}
		{BE4D0BA3-0888-42A5-9C09-FC308A4509D2} = {542C6238-55AD-4781-8368-F049909185F4}
		{3F664673-7E22-4486-9AD0-FC81861D0B78} = {542C6238-55AD-4781-8368-F049909185F4}
		{29E1C1BB-3EA5-4062-B62F-85EEC703FE07} = {542C6238-55AD-4781-8368-F049909185F4}
		{62DC7CF9-C608-49E5-8C39-305B2E3E93F6} = {542C6238-55AD-4781-8368-F049909185F4}
		{A5A14A71-5DB3-4495-92F6-8D27C98FF0F4} = {BE26A383-6889-4974-93EE-78E0CCDB3888}
		{D455C456-4EDA-4B4F-8DAD-1378F61248D3} = {7B1C3470-9D85-458C-91AA-96A97FEE4EF3}
		{82D8951D-B8D8-4E5A-91B9-F3C4E019FA42} = {7B1C3470-9D85-458C-91AA-96A97FEE4EF3}
		{F3161691-A2CB-4F81-B293-E58D09109F69} = {7B1C3470-9D85-458C-91AA-96A97FEE4EF3}
		{25670E7F-C070-4CD9-BE17-A3EB012F75FE} = {7B1C3470-9D85-458C-91AA-96A97FEE4EF3}
		{7AFFB75D-708C-47B6-AD00-572EF7F9E075} = {7B1C3470-9D85-458C-91AA-96A97FEE4EF3}
		{35D24257-56A1-40E0-B7C7-530B37C92D25} = {7B1C3470-9D85-458C-91AA-96A97FEE4EF3}
		{80656D38-A2CA-4994-9717-1F0F01BD51D5} = {7B1C3470-9D85-458C-91AA-96A97FEE4EF3}
		{FA1AE067-10E5-4719-AAA4-AC29A993FFE2} = {7B1C3470-9D85-458C-91AA-96A97FEE4EF3}
		{44BB83D2-2DC7-4602-9545-3351137A9E3D} = {7B1C3470-9D85-458C-91AA-96A97FEE4EF3}
		{665B5807-1D4F-47E4-96CC-E9AB26FA5C1A} = {7B1C3470-9D85-458C-91AA-96A97FEE4EF3}
		{A97D9583-13BF-46A4-86B0-060F516B3740} = {7B1C3470-9D85-458C-91AA-96A97FEE4EF3}
		{F8069AAD-BE73-4F64-A653-046F76115C7D} = {A679A1AA-81EF-43B2-BD1B-4E6CB479EF8D}
		{B4B7D3F2-B969-43D9-9408-10AB71B7F1A5} = {A679A1AA-81EF-43B2-BD1B-4E6CB479EF8D}
	EndGlobalSection
	GlobalSection(MonoDevelopProperties) = preSolution
		StartupItem = Applications\Alyx\Alyx.csproj
	EndGlobalSection
	GlobalSection(SolutionProperties) = preSolution
		HideSolutionNode = FALSE
	EndGlobalSection
EndGlobal
